<?xml version="1.0" encoding="utf-8"?>
<Project ToolsVersion="4.0" xmlns="http://schemas.microsoft.com/developer/msbuild/2003">
  <ItemGroup>
    <Filter Include="Source Files">
      <UniqueIdentifier>{2d25d5f6-1725-4606-8de1-911c467237a3}</UniqueIdentifier>
      <Extensions>cpp;c;cxx;rc;def;r;odl;idl;hpj;bat</Extensions>
    </Filter>
    <Filter Include="Header Files">
      <UniqueIdentifier>{0e523312-6130-443a-aa21-a95ac488e3d4}</UniqueIdentifier>
      <Extensions>h;hpp;hxx;hm;inl</Extensions>
    </Filter>
    <Filter Include="Resource Files">
      <UniqueIdentifier>{7a90c15c-c7d9-4e96-aad6-920bd9828bbc}</UniqueIdentifier>
      <Extensions>ico;cur;bmp;dlg;rc2;rct;bin;rgs;gif;jpg;jpeg;jpe</Extensions>
    </Filter>
  </ItemGroup>
  <ItemGroup>
    <ClCompile Include="AddBatchDownloadDlg.cpp">
      <Filter>Source Files</Filter>
    </ClCompile>
    <ClCompile Include="AppRegs.cpp">
      <Filter>Source Files</Filter>
    </ClCompile>
    <ClCompile Include="CategoryDlg.cpp">
      <Filter>Source Files</Filter>
    </ClCompile>
    <ClCompile Include="CategoryTree.cpp">
      <Filter>Source Files</Filter>
    </ClCompile>
    <ClCompile Include="ColorButton.cpp">
      <Filter>Source Files</Filter>
    </ClCompile>
    <ClCompile Include="ColourPopup.cpp">
      <Filter>Source Files</Filter>
    </ClCompile>
    <ClCompile Include="CommFunc.cpp">
      <Filter>Source Files</Filter>
    </ClCompile>
    <ClCompile Include="CommonUtils.cpp">
      <Filter>Source Files</Filter>
    </ClCompile>
    <ClCompile Include="ContentListView.cpp">
      <Filter>Source Files</Filter>
    </ClCompile>
    <ClCompile Include="DownloadDlg.cpp">
      <Filter>Source Files</Filter>
    </ClCompile>
    <ClCompile Include="DownloadFtpJet.cpp">
      <Filter>Source Files</Filter>
    </ClCompile>
    <ClCompile Include="DownloadHttpJet.cpp">
      <Filter>Source Files</Filter>
    </ClCompile>
    <ClCompile Include="DownloadItemManager.cpp">
      <Filter>Source Files</Filter>
    </ClCompile>
    <ClCompile Include="DownloadJet.cpp">
      <Filter>Source Files</Filter>
    </ClCompile>
    <ClCompile Include="DownloadPropertyPage.cpp">
      <Filter>Source Files</Filter>
    </ClCompile>
    <ClCompile Include="DownloadScheduler.cpp">
      <Filter>Source Files</Filter>
    </ClCompile>
    <ClCompile Include="DownloadSchedulerThread.cpp">
      <Filter>Source Files</Filter>
    </ClCompile>
    <ClCompile Include="EventDrivedSocket.cpp">
      <Filter>Source Files</Filter>
    </ClCompile>
    <ClCompile Include="FileName.cpp">
      <Filter>Source Files</Filter>
    </ClCompile>
    <ClCompile Include="FlashGetToolBar.cpp">
      <Filter>Source Files</Filter>
    </ClCompile>
    <ClCompile Include="FlashGetTray.cpp">
      <Filter>Source Files</Filter>
    </ClCompile>
    <ClCompile Include="FolderSelectionDlg.cpp">
      <Filter>Source Files</Filter>
    </ClCompile>
    <ClCompile Include="Ftp.cpp">
      <Filter>Source Files</Filter>
    </ClCompile>
    <ClCompile Include="HistogramCtrl.cpp">
      <Filter>Source Files</Filter>
    </ClCompile>
    <ClCompile Include="IndexTreeView.cpp">
      <Filter>Source Files</Filter>
    </ClCompile>
    <ClCompile Include="InputDlg.cpp">
      <Filter>Source Files</Filter>
    </ClCompile>
    <ClCompile Include="ItemHeader.cpp">
      <Filter>Source Files</Filter>
    </ClCompile>
    <ClCompile Include="ItemListView.cpp">
      <Filter>Source Files</Filter>
    </ClCompile>
    <ClCompile Include="JCDFile.cpp">
      <Filter>Source Files</Filter>
    </ClCompile>
    <ClCompile Include="ListItem.cpp">
      <Filter>Source Files</Filter>
    </ClCompile>
    <ClCompile Include="MainFrm.cpp">
      <Filter>Source Files</Filter>
    </ClCompile>
    <ClCompile Include="MyGet.cpp">
      <Filter>Source Files</Filter>
    </ClCompile>
    <ClCompile Include="MyGetDoc.cpp">
      <Filter>Source Files</Filter>
    </ClCompile>
    <ClCompile Include="MyGetView.cpp">
      <Filter>Source Files</Filter>
    </ClCompile>
    <ClCompile Include="NewFolderDlg.cpp">
      <Filter>Source Files</Filter>
    </ClCompile>
    <ClCompile Include="OptionsConnectionPage.cpp">
      <Filter>Source Files</Filter>
    </ClCompile>
    <ClCompile Include="OptionsDialUpPage.cpp">
      <Filter>Source Files</Filter>
    </ClCompile>
    <ClCompile Include="OptionsFileManagementPage.cpp">
      <Filter>Source Files</Filter>
    </ClCompile>
    <ClCompile Include="OptionsGeneralPage.cpp">
      <Filter>Source Files</Filter>
    </ClCompile>
    <ClCompile Include="OptionsGraphLogPage.cpp">
      <Filter>Source Files</Filter>
    </ClCompile>
    <ClCompile Include="OptionSheet.cpp">
      <Filter>Source Files</Filter>
    </ClCompile>
    <ClCompile Include="OptionsLoginPage.cpp">
      <Filter>Source Files</Filter>
    </ClCompile>
    <ClCompile Include="OptionsMirrorPage.cpp">
      <Filter>Source Files</Filter>
    </ClCompile>
    <ClCompile Include="OptionsMonitorPage.cpp">
      <Filter>Source Files</Filter>
    </ClCompile>
    <ClCompile Include="OptionsOtherPage.cpp">
      <Filter>Source Files</Filter>
    </ClCompile>
    <ClCompile Include="OptionsProtocolPage.cpp">
      <Filter>Source Files</Filter>
    </ClCompile>
    <ClCompile Include="OptionsProxyPage.cpp">
      <Filter>Source Files</Filter>
    </ClCompile>
    <ClCompile Include="OptionsSchedulePage.cpp">
      <Filter>Source Files</Filter>
    </ClCompile>
    <ClCompile Include="OptionsSoundPage.cpp">
      <Filter>Source Files</Filter>
    </ClCompile>
    <ClCompile Include="ProgressChart.cpp">
      <Filter>Source Files</Filter>
    </ClCompile>
    <ClCompile Include="ProxyData.cpp">
      <Filter>Source Files</Filter>
    </ClCompile>
    <ClCompile Include="ProxySettingsDlg.cpp">
      <Filter>Source Files</Filter>
    </ClCompile>
    <ClCompile Include="SetupAlternativeURLsDlg.cpp">
      <Filter>Source Files</Filter>
    </ClCompile>
    <ClCompile Include="ShellPidl.cpp">
      <Filter>Source Files</Filter>
    </ClCompile>
    <ClCompile Include="ShellTree.cpp">
      <Filter>Source Files</Filter>
    </ClCompile>
    <ClCompile Include="Sizecbar.cpp">
      <Filter>Source Files</Filter>
    </ClCompile>
    <ClCompile Include="SocksPacket.cpp">
      <Filter>Source Files</Filter>
    </ClCompile>
    <ClCompile Include="StdAfx.cpp">
      <Filter>Source Files</Filter>
    </ClCompile>
    <ClCompile Include="TabCtrl.cpp">
      <Filter>Source Files</Filter>
    </ClCompile>
    <ClCompile Include="TabView.cpp">
      <Filter>Source Files</Filter>
    </ClCompile>
    <ClCompile Include="TE_Socket.cpp">
      <Filter>Source Files</Filter>
    </ClCompile>
    <ClCompile Include="TreeItem.cpp">
      <Filter>Source Files</Filter>
    </ClCompile>
  </ItemGroup>
  <ItemGroup>
    <ClInclude Include="FileName.h">
      <Filter>Source Files</Filter>
    </ClInclude>
    <ClInclude Include="ProxySettingsDlg.h">
      <Filter>Source Files</Filter>
    </ClInclude>
    <ClInclude Include="AddBatchDownloadDlg.h">
      <Filter>Header Files</Filter>
    </ClInclude>
    <ClInclude Include="AppRegs.h">
      <Filter>Header Files</Filter>
    </ClInclude>
    <ClInclude Include="CategoryDlg.h">
      <Filter>Header Files</Filter>
    </ClInclude>
    <ClInclude Include="CategoryTree.h">
      <Filter>Header Files</Filter>
    </ClInclude>
    <ClInclude Include="ColorButton.h">
      <Filter>Header Files</Filter>
    </ClInclude>
    <ClInclude Include="ColourPopup.h">
      <Filter>Header Files</Filter>
    </ClInclude>
    <ClInclude Include="CommonUtils.h">
      <Filter>Header Files</Filter>
    </ClInclude>
    <ClInclude Include="ContentListView.h">
      <Filter>Header Files</Filter>
    </ClInclude>
    <ClInclude Include="DownloadDlg.h">
      <Filter>Header Files</Filter>
    </ClInclude>
    <ClInclude Include="DownloadFtpJet.h">
      <Filter>Header Files</Filter>
    </ClInclude>
    <ClInclude Include="DownloadHttpJet.h">
      <Filter>Header Files</Filter>
    </ClInclude>
    <ClInclude Include="DownloadItemManager.h">
      <Filter>Header Files</Filter>
    </ClInclude>
    <ClInclude Include="DownloadJet.h">
      <Filter>Header Files</Filter>
    </ClInclude>
    <ClInclude Include="DownloadPropertyPage.h">
      <Filter>Header Files</Filter>
    </ClInclude>
    <ClInclude Include="DownloadScheduler.h">
      <Filter>Header Files</Filter>
    </ClInclude>
    <ClInclude Include="DownloadSchedulerThread.h">
      <Filter>Header Files</Filter>
    </ClInclude>
    <ClInclude Include="EventDrivedSocket.h">
      <Filter>Header Files</Filter>
    </ClInclude>
    <ClInclude Include="FlashGetToolBar.h">
      <Filter>Header Files</Filter>
    </ClInclude>
    <ClInclude Include="FlashGetTray.h">
      <Filter>Header Files</Filter>
    </ClInclude>
    <ClInclude Include="FolderSelectionDlg.h">
      <Filter>Header Files</Filter>
    </ClInclude>
    <ClInclude Include="Ftp.h">
      <Filter>Header Files</Filter>
    </ClInclude>
    <ClInclude Include="HistogramCtrl.h">
      <Filter>Header Files</Filter>
    </ClInclude>
    <ClInclude Include="IndexTreeView.h">
      <Filter>Header Files</Filter>
    </ClInclude>
    <ClInclude Include="InputDlg.h">
      <Filter>Header Files</Filter>
    </ClInclude>
    <ClInclude Include="ItemHeader.h">
      <Filter>Header Files</Filter>
    </ClInclude>
    <ClInclude Include="ItemListView.h">
      <Filter>Header Files</Filter>
    </ClInclude>
    <ClInclude Include="JCDFile.h">
      <Filter>Header Files</Filter>
    </ClInclude>
    <ClInclude Include="ListItem.h">
      <Filter>Header Files</Filter>
    </ClInclude>
    <ClInclude Include="MainFrm.h">
      <Filter>Header Files</Filter>
    </ClInclude>
    <ClInclude Include="MyGet.h">
      <Filter>Header Files</Filter>
    </ClInclude>
    <ClInclude Include="MyGetDoc.h">
      <Filter>Header Files</Filter>
    </ClInclude>
    <ClInclude Include="MyGetView.h">
      <Filter>Header Files</Filter>
    </ClInclude>
    <ClInclude Include="NewFolderDlg.h">
      <Filter>Header Files</Filter>
    </ClInclude>
    <ClInclude Include="OptionsConnectionPage.h">
      <Filter>Header Files</Filter>
    </ClInclude>
    <ClInclude Include="OptionsDialUpPage.h">
      <Filter>Header Files</Filter>
    </ClInclude>
    <ClInclude Include="OptionsFileManagementPage.h">
      <Filter>Header Files</Filter>
    </ClInclude>
    <ClInclude Include="OptionsGeneralPage.h">
      <Filter>Header Files</Filter>
    </ClInclude>
    <ClInclude Include="OptionsGraphLogPage.h">
      <Filter>Header Files</Filter>
    </ClInclude>
    <ClInclude Include="OptionSheet.h">
      <Filter>Header Files</Filter>
    </ClInclude>
    <ClInclude Include="OptionsLoginPage.h">
      <Filter>Header Files</Filter>
    </ClInclude>
    <ClInclude Include="OptionsMirrorPage.h">
      <Filter>Header Files</Filter>
    </ClInclude>
    <ClInclude Include="OptionsMonitorPage.h">
      <Filter>Header Files</Filter>
    </ClInclude>
    <ClInclude Include="OptionsOtherPage.h">
      <Filter>Header Files</Filter>
    </ClInclude>
    <ClInclude Include="OptionsProtocolPage.h">
      <Filter>Header Files</Filter>
    </ClInclude>
    <ClInclude Include="OptionsProxyPage.h">
      <Filter>Header Files</Filter>
    </ClInclude>
    <ClInclude Include="OptionsSchedulePage.h">
      <Filter>Header Files</Filter>
    </ClInclude>
    <ClInclude Include="OptionsSoundPage.h">
      <Filter>Header Files</Filter>
    </ClInclude>
    <ClInclude Include="ProgressChart.h">
      <Filter>Header Files</Filter>
    </ClInclude>
    <ClInclude Include="ProxyData.h">
      <Filter>Header Files</Filter>
    </ClInclude>
    <ClInclude Include="Resource.h">
      <Filter>Header Files</Filter>
    </ClInclude>
    <ClInclude Include="SetupAlternativeURLsDlg.h">
      <Filter>Header Files</Filter>
    </ClInclude>
    <ClInclude Include="ShellPidl.h">
      <Filter>Header Files</Filter>
    </ClInclude>
    <ClInclude Include="ShellTree.h">
      <Filter>Header Files</Filter>
    </ClInclude>
    <ClInclude Include="Sizecbar.h">
      <Filter>Header Files</Filter>
    </ClInclude>
    <ClInclude Include="SocksPacket.h">
      <Filter>Header Files</Filter>
    </ClInclude>
    <ClInclude Include="StdAfx.h">
      <Filter>Header Files</Filter>
    </ClInclude>
    <ClInclude Include="TabCtrl.h">
      <Filter>Header Files</Filter>
    </ClInclude>
    <ClInclude Include="TabDef.h">
      <Filter>Header Files</Filter>
    </ClInclude>
    <ClInclude Include="Tabview.h">
      <Filter>Header Files</Filter>
    </ClInclude>
    <ClInclude Include="TE_Socket.h">
      <Filter>Header Files</Filter>
    </ClInclude>
    <ClInclude Include="TreeItem.h">
      <Filter>Header Files</Filter>
    </ClInclude>
  </ItemGroup>
  <ItemGroup>
    <ResourceCompile Include="MyGet.rc">
      <Filter>Source Files</Filter>
    </ResourceCompile>
  </ItemGroup>
  <ItemGroup>
    <Image Include="res\bitmap1.bmp">
      <Filter>Resource Files</Filter>
    </Image>
    <Image Include="res\bmp00001.bmp">
      <Filter>Resource Files</Filter>
    </Image>
    <Image Include="res\bmp133.bmp">
      <Filter>Resource Files</Filter>
    </Image>
    <Image Include="res\bmp145.bmp">
      <Filter>Resource Files</Filter>
    </Image>
    <Image Include="res\bmp159.bmp">
      <Filter>Resource Files</Filter>
    </Image>
    <Image Include="res\bmp160.bmp">
      <Filter>Resource Files</Filter>
    </Image>
    <Image Include="res\bmp199.bmp">
      <Filter>Resource Files</Filter>
    </Image>
    <Image Include="res\bmp200.bmp">
      <Filter>Resource Files</Filter>
    </Image>
    <Image Include="res\check_bo.bmp">
      <Filter>Resource Files</Filter>
    </Image>
    <Image Include="res\choice_t.bmp">
      <Filter>Resource Files</Filter>
    </Image>
    <Image Include="res\content_.bmp">
      <Filter>Resource Files</Filter>
    </Image>
    <Image Include="res\idr_main.ico">
      <Filter>Resource Files</Filter>
    </Image>
    <Image Include="res\list_ite.bmp">
      <Filter>Resource Files</Filter>
    </Image>
    <Image Include="res\mainfram.bmp">
      <Filter>Resource Files</Filter>
    </Image>
    <Image Include="res\MyGet.ico">
      <Filter>Resource Files</Filter>
    </Image>
    <Image Include="res\MyGetDoc.ico">
      <Filter>Resource Files</Filter>
    </Image>
    <Image Include="res\others.bmp">
      <Filter>Resource Files</Filter>
    </Image>
    <Image Include="res\Toolbar.bmp">
      <Filter>Resource Files</Filter>
    </Image>
    <Image Include="res\tray1.ico">
      <Filter>Resource Files</Filter>
    </Image>
    <Image Include="res\tray2.ico">
      <Filter>Resource Files</Filter>
    </Image>
    <Image Include="res\tray3.ico">
      <Filter>Resource Files</Filter>
    </Image>
  </ItemGroup>
  <ItemGroup>
    <Text Include="ReadMe.txt" />
  </ItemGroup>
  <ItemGroup>
    <CustomBuild Include="res\MyGet.rc2">
      <Filter>Resource Files</Filter>
    </CustomBuild>
  </ItemGroup>
</Project>